// !$*UTF8*$!
{
	archiveVersion = 1;
	classes = {
	};
	objectVersion = 46;
	objects = {

/* Begin PBXBuildFile section */
		1EFDDC1917D5704900520A3C /* UIKit.framework in Frameworks */ = {isa = PBXBuildFile; fileRef = 1EFDDC1817D5704900520A3C /* UIKit.framework */; };
		1EFDDC1B17D5704900520A3C /* Foundation.framework in Frameworks */ = {isa = PBXBuildFile; fileRef = 1EFDDC1A17D5704900520A3C /* Foundation.framework */; };
		1EFDDC1D17D5704900520A3C /* CoreGraphics.framework in Frameworks */ = {isa = PBXBuildFile; fileRef = 1EFDDC1C17D5704900520A3C /* CoreGraphics.framework */; };
		1EFDDC2317D5704900520A3C /* InfoPlist.strings in Resources */ = {isa = PBXBuildFile; fileRef = 1EFDDC2117D5704900520A3C /* InfoPlist.strings */; };
		1EFDDC2517D5704900520A3C /* main.m in Sources */ = {isa = PBXBuildFile; fileRef = 1EFDDC2417D5704900520A3C /* main.m */; };
		1EFDDC2917D5704900520A3C /* JGSAppDelegate.m in Sources */ = {isa = PBXBuildFile; fileRef = 1EFDDC2817D5704900520A3C /* JGSAppDelegate.m */; };
		1EFDDC2B17D5704900520A3C /* Default.png in Resources */ = {isa = PBXBuildFile; fileRef = 1EFDDC2A17D5704900520A3C /* Default.png */; };
		1EFDDC3217D5704900520A3C /* MainStoryboard.storyboard in Resources */ = {isa = PBXBuildFile; fileRef = 1EFDDC3017D5704900520A3C /* MainStoryboard.storyboard */; };
		1EFDDC3517D5704900520A3C /* JGSViewController.m in Sources */ = {isa = PBXBuildFile; fileRef = 1EFDDC3417D5704900520A3C /* JGSViewController.m */; };
		1EFDDC4017D5713500520A3C /* Default@2x.png in Resources */ = {isa = PBXBuildFile; fileRef = 1EFDDC3F17D5713500520A3C /* Default@2x.png */; };
		1EFDDC4217D5713D00520A3C /* Default-568h@2x.png in Resources */ = {isa = PBXBuildFile; fileRef = 1EFDDC4117D5713D00520A3C /* Default-568h@2x.png */; };
		1EFDDC7417D66F2000520A3C /* background@2x.png in Resources */ = {isa = PBXBuildFile; fileRef = 1EFDDC7317D66F2000520A3C /* background@2x.png */; };
		1EFDDC7E17D6C73A00520A3C /* button.png in Resources */ = {isa = PBXBuildFile; fileRef = 1EFDDC7D17D6C73A00520A3C /* button.png */; };
		1EFDDC8917D6D0B400520A3C /* icon.png in Resources */ = {isa = PBXBuildFile; fileRef = 1EFDDC8717D6D0B400520A3C /* icon.png */; };
		1EFDDC8A17D6D0B400520A3C /* icon@2x.png in Resources */ = {isa = PBXBuildFile; fileRef = 1EFDDC8817D6D0B400520A3C /* icon@2x.png */; };
		1EFDDC8C17D6D0BC00520A3C /* icon@2x.png in Resources */ = {isa = PBXBuildFile; fileRef = 1EFDDC8B17D6D0BC00520A3C /* icon@2x.png */; };
		1EFDDC8E17D6D0C200520A3C /* icon.png in Resources */ = {isa = PBXBuildFile; fileRef = 1EFDDC8D17D6D0C200520A3C /* icon.png */; };
		1EFDDC9017D6DF9B00520A3C /* whitebg.png in Resources */ = {isa = PBXBuildFile; fileRef = 1EFDDC8F17D6DF9B00520A3C /* whitebg.png */; };
		1EFDDC9317D83E8F00520A3C /* splash.png in Resources */ = {isa = PBXBuildFile; fileRef = 1EFDDC9117D83E8F00520A3C /* splash.png */; };
		1EFDDC9417D83E8F00520A3C /* splash@2x.png in Resources */ = {isa = PBXBuildFile; fileRef = 1EFDDC9217D83E8F00520A3C /* splash@2x.png */; };
/* End PBXBuildFile section */

/* Begin PBXFileReference section */
		1EFDDC1517D5704900520A3C /* Multiplier.app */ = {isa = PBXFileReference; explicitFileType = wrapper.application; includeInIndex = 0; path = Multiplier.app; sourceTree = BUILT_PRODUCTS_DIR; };
		1EFDDC1817D5704900520A3C /* UIKit.framework */ = {isa = PBXFileReference; lastKnownFileType = wrapper.framework; name = UIKit.framework; path = System/Library/Frameworks/UIKit.framework; sourceTree = SDKROOT; };
		1EFDDC1A17D5704900520A3C /* Foundation.framework */ = {isa = PBXFileReference; lastKnownFileType = wrapper.framework; name = Foundation.framework; path = System/Library/Frameworks/Foundation.framework; sourceTree = SDKROOT; };
		1EFDDC1C17D5704900520A3C /* CoreGraphics.framework */ = {isa = PBXFileReference; lastKnownFileType = wrapper.framework; name = CoreGraphics.framework; path = System/Library/Frameworks/CoreGraphics.framework; sourceTree = SDKROOT; };
		1EFDDC2017D5704900520A3C /* Multiplier-Info.plist */ = {isa = PBXFileReference; lastKnownFileType = text.plist.xml; path = "Multiplier-Info.plist"; sourceTree = "<group>"; };
		1EFDDC2217D5704900520A3C /* en */ = {isa = PBXFileReference; lastKnownFileType = text.plist.strings; name = en; path = en.lproj/InfoPlist.strings; sourceTree = "<group>"; };
		1EFDDC2417D5704900520A3C /* main.m */ = {isa = PBXFileReference; lastKnownFileType = sourcecode.c.objc; path = main.m; sourceTree = "<group>"; };
		1EFDDC2617D5704900520A3C /* Multiplier-Prefix.pch */ = {isa = PBXFileReference; lastKnownFileType = sourcecode.c.h; path = "Multiplier-Prefix.pch"; sourceTree = "<group>"; };
		1EFDDC2717D5704900520A3C /* JGSAppDelegate.h */ = {isa = PBXFileReference; lastKnownFileType = sourcecode.c.h; path = JGSAppDelegate.h; sourceTree = "<group>"; };
		1EFDDC2817D5704900520A3C /* JGSAppDelegate.m */ = {isa = PBXFileReference; lastKnownFileType = sourcecode.c.objc; path = JGSAppDelegate.m; sourceTree = "<group>"; };
		1EFDDC2A17D5704900520A3C /* Default.png */ = {isa = PBXFileReference; lastKnownFileType = image.png; path = Default.png; sourceTree = "<group>"; };
		1EFDDC3117D5704900520A3C /* en */ = {isa = PBXFileReference; lastKnownFileType = file.storyboard; name = en; path = en.lproj/MainStoryboard.storyboard; sourceTree = "<group>"; };
		1EFDDC3317D5704900520A3C /* JGSViewController.h */ = {isa = PBXFileReference; lastKnownFileType = sourcecode.c.h; path = JGSViewController.h; sourceTree = "<group>"; };
		1EFDDC3417D5704900520A3C /* JGSViewController.m */ = {isa = PBXFileReference; lastKnownFileType = sourcecode.c.objc; path = JGSViewController.m; sourceTree = "<group>"; };
		1EFDDC3F17D5713500520A3C /* Default@2x.png */ = {isa = PBXFileReference; lastKnownFileType = image.png; name = "Default@2x.png"; path = "../Default@2x.png"; sourceTree = "<group>"; };
		1EFDDC4117D5713D00520A3C /* Default-568h@2x.png */ = {isa = PBXFileReference; lastKnownFileType = image.png; name = "Default-568h@2x.png"; path = "../Default-568h@2x.png"; sourceTree = "<group>"; };
		1EFDDC7317D66F2000520A3C /* background@2x.png */ = {isa = PBXFileReference; lastKnownFileType = image.png; path = "background@2x.png"; sourceTree = "<group>"; };
		1EFDDC7D17D6C73A00520A3C /* button.png */ = {isa = PBXFileReference; lastKnownFileType = image.png; path = button.png; sourceTree = "<group>"; };
		1EFDDC8717D6D0B400520A3C /* icon.png */ = {isa = PBXFileReference; lastKnownFileType = image.png; path = icon.png; sourceTree = "<group>"; };
		1EFDDC8817D6D0B400520A3C /* icon@2x.png */ = {isa = PBXFileReference; lastKnownFileType = image.png; path = "icon@2x.png"; sourceTree = "<group>"; };
		1EFDDC8B17D6D0BC00520A3C /* icon@2x.png */ = {isa = PBXFileReference; lastKnownFileType = image.png; path = "icon@2x.png"; sourceTree = "<group>"; };
		1EFDDC8D17D6D0C200520A3C /* icon.png */ = {isa = PBXFileReference; lastKnownFileType = image.png; path = icon.png; sourceTree = "<group>"; };
		1EFDDC8F17D6DF9B00520A3C /* whitebg.png */ = {isa = PBXFileReference; lastKnownFileType = image.png; path = whitebg.png; sourceTree = "<group>"; };
		1EFDDC9117D83E8F00520A3C /* splash.png */ = {isa = PBXFileReference; lastKnownFileType = image.png; path = splash.png; sourceTree = "<group>"; };
		1EFDDC9217D83E8F00520A3C /* splash@2x.png */ = {isa = PBXFileReference; lastKnownFileType = image.png; path = "splash@2x.png"; sourceTree = "<group>"; };
/* End PBXFileReference section */

/* Begin PBXFrameworksBuildPhase section */
		1EFDDC1217D5704900520A3C /* Frameworks */ = {
			isa = PBXFrameworksBuildPhase;
			buildActionMask = 2147483647;
			files = (
				1EFDDC1917D5704900520A3C /* UIKit.framework in Frameworks */,
				1EFDDC1B17D5704900520A3C /* Foundation.framework in Frameworks */,
				1EFDDC1D17D5704900520A3C /* CoreGraphics.framework in Frameworks */,
			);
			runOnlyForDeploymentPostprocessing = 0;
		};
/* End PBXFrameworksBuildPhase section */

/* Begin PBXGroup section */
		1EFDDC0C17D5704900520A3C = {
			isa = PBXGroup;
			children = (
				1EFDDC8D17D6D0C200520A3C /* icon.png */,
				1EFDDC8B17D6D0BC00520A3C /* icon@2x.png */,
				1EFDDC1E17D5704900520A3C /* Multiplier */,
				1EFDDC1717D5704900520A3C /* Frameworks */,
				1EFDDC1617D5704900520A3C /* Products */,
			);
			sourceTree = "<group>";
		};
		1EFDDC1617D5704900520A3C /* Products */ = {
			isa = PBXGroup;
			children = (
				1EFDDC1517D5704900520A3C /* Multiplier.app */,
			);
			name = Products;
			sourceTree = "<group>";
		};
		1EFDDC1717D5704900520A3C /* Frameworks */ = {
			isa = PBXGroup;
			children = (
				1EFDDC1817D5704900520A3C /* UIKit.framework */,
				1EFDDC1A17D5704900520A3C /* Foundation.framework */,
				1EFDDC1C17D5704900520A3C /* CoreGraphics.framework */,
			);
			name = Frameworks;
			sourceTree = "<group>";
		};
		1EFDDC1E17D5704900520A3C /* Multiplier */ = {
			isa = PBXGroup;
			children = (
				1EFDDC2717D5704900520A3C /* JGSAppDelegate.h */,
				1EFDDC2817D5704900520A3C /* JGSAppDelegate.m */,
				1EFDDC3017D5704900520A3C /* MainStoryboard.storyboard */,
				1EFDDC3317D5704900520A3C /* JGSViewController.h */,
				1EFDDC3417D5704900520A3C /* JGSViewController.m */,
				1EFDDC7217D66EFA00520A3C /* Images */,
				1EFDDC1F17D5704900520A3C /* Supporting Files */,
			);
			path = Multiplier;
			sourceTree = "<group>";
		};
		1EFDDC1F17D5704900520A3C /* Supporting Files */ = {
			isa = PBXGroup;
			children = (
				1EFDDC4117D5713D00520A3C /* Default-568h@2x.png */,
				1EFDDC3F17D5713500520A3C /* Default@2x.png */,
				1EFDDC2017D5704900520A3C /* Multiplier-Info.plist */,
				1EFDDC2117D5704900520A3C /* InfoPlist.strings */,
				1EFDDC2417D5704900520A3C /* main.m */,
				1EFDDC2617D5704900520A3C /* Multiplier-Prefix.pch */,
				1EFDDC2A17D5704900520A3C /* Default.png */,
			);
			name = "Supporting Files";
			sourceTree = "<group>";
		};
		1EFDDC7217D66EFA00520A3C /* Images */ = {
			isa = PBXGroup;
			children = (
				1EFDDC9117D83E8F00520A3C /* splash.png */,
				1EFDDC9217D83E8F00520A3C /* splash@2x.png */,
				1EFDDC8F17D6DF9B00520A3C /* whitebg.png */,
				1EFDDC8717D6D0B400520A3C /* icon.png */,
				1EFDDC8817D6D0B400520A3C /* icon@2x.png */,
				1EFDDC7D17D6C73A00520A3C /* button.png */,
				1EFDDC7317D66F2000520A3C /* background@2x.png */,
			);
			name = Images;
			sourceTree = "<group>";
		};
/* End PBXGroup section */

/* Begin PBXNativeTarget section */
		1EFDDC1417D5704900520A3C /* Multiplier */ = {
			isa = PBXNativeTarget;
			buildConfigurationList = 1EFDDC3817D5704900520A3C /* Build configuration list for PBXNativeTarget "Multiplier" */;
			buildPhases = (
				1EFDDC1117D5704900520A3C /* Sources */,
				1EFDDC1217D5704900520A3C /* Frameworks */,
				1EFDDC1317D5704900520A3C /* Resources */,
			);
			buildRules = (
			);
			dependencies = (
			);
			name = Multiplier;
			productName = Multiplier;
			productReference = 1EFDDC1517D5704900520A3C /* Multiplier.app */;
			productType = "com.apple.product-type.application";
		};
/* End PBXNativeTarget section */

/* Begin PBXProject section */
		1EFDDC0D17D5704900520A3C /* Project object */ = {
			isa = PBXProject;
			attributes = {
				CLASSPREFIX = JGS;
				LastUpgradeCheck = 0460;
				ORGANIZATIONNAME = "Jessica Smith";
			};
			buildConfigurationList = 1EFDDC1017D5704900520A3C /* Build configuration list for PBXProject "Multiplier" */;
			compatibilityVersion = "Xcode 3.2";
			developmentRegion = English;
			hasScannedForEncodings = 0;
			knownRegions = (
				en,
			);
			mainGroup = 1EFDDC0C17D5704900520A3C;
			productRefGroup = 1EFDDC1617D5704900520A3C /* Products */;
			projectDirPath = "";
			projectRoot = "";
			targets = (
				1EFDDC1417D5704900520A3C /* Multiplier */,
			);
		};
/* End PBXProject section */

/* Begin PBXResourcesBuildPhase section */
		1EFDDC1317D5704900520A3C /* Resources */ = {
			isa = PBXResourcesBuildPhase;
			buildActionMask = 2147483647;
			files = (
				1EFDDC2317D5704900520A3C /* InfoPlist.strings in Resources */,
				1EFDDC2B17D5704900520A3C /* Default.png in Resources */,
				1EFDDC3217D5704900520A3C /* MainStoryboard.storyboard in Resources */,
				1EFDDC4017D5713500520A3C /* Default@2x.png in Resources */,
				1EFDDC4217D5713D00520A3C /* Default-568h@2x.png in Resources */,
				1EFDDC7417D66F2000520A3C /* background@2x.png in Resources */,
				1EFDDC7E17D6C73A00520A3C /* button.png in Resources */,
				1EFDDC8917D6D0B400520A3C /* icon.png in Resources */,
				1EFDDC8A17D6D0B400520A3C /* icon@2x.png in Resources */,
				1EFDDC8C17D6D0BC00520A3C /* icon@2x.png in Resources */,
				1EFDDC8E17D6D0C200520A3C /* icon.png in Resources */,
				1EFDDC9017D6DF9B00520A3C /* whitebg.png in Resources */,
				1EFDDC9317D83E8F00520A3C /* splash.png in Resources */,
				1EFDDC9417D83E8F00520A3C /* splash@2x.png in Resources */,
			);
			runOnlyForDeploymentPostprocessing = 0;
		};
/* End PBXResourcesBuildPhase section */

/* Begin PBXSourcesBuildPhase section */
		1EFDDC1117D5704900520A3C /* Sources */ = {
			isa = PBXSourcesBuildPhase;
			buildActionMask = 2147483647;
			files = (
				1EFDDC2517D5704900520A3C /* main.m in Sources */,
				1EFDDC2917D5704900520A3C /* JGSAppDelegate.m in Sources */,
				1EFDDC3517D5704900520A3C /* JGSViewController.m in Sources */,
			);
			runOnlyForDeploymentPostprocessing = 0;
		};
/* End PBXSourcesBuildPhase section */

/* Begin PBXVariantGroup section */
		1EFDDC2117D5704900520A3C /* InfoPlist.strings */ = {
			isa = PBXVariantGroup;
			children = (
				1EFDDC2217D5704900520A3C /* en */,
			);
			name = InfoPlist.strings;
			sourceTree = "<group>";
		};
		1EFDDC3017D5704900520A3C /* MainStoryboard.storyboard */ = {
			isa = PBXVariantGroup;
			children = (
				1EFDDC3117D5704900520A3C /* en */,
			);
			name = MainStoryboard.storyboard;
			sourceTree = "<group>";
		};
/* End PBXVariantGroup section */

/* Begin XCBuildConfiguration section */
		1EFDDC3617D5704900520A3C /* Debug */ = {
			isa = XCBuildConfiguration;
			buildSettings = {
				ALWAYS_SEARCH_USER_PATHS = NO;
				CLANG_CXX_LANGUAGE_STANDARD = "gnu++0x";
				CLANG_CXX_LIBRARY = "libc++";
				CLANG_ENABLE_OBJC_ARC = YES;
				CLANG_WARN_CONSTANT_CONVERSION = YES;
				CLANG_WARN_EMPTY_BODY = YES;
				CLANG_WARN_ENUM_CONVERSION = YES;
				CLANG_WARN_INT_CONVERSION = YES;
				CLANG_WARN__DUPLICATE_METHOD_MATCH = YES;
				"CODE_SIGN_IDENTITY[sdk=iphoneos*]" = "iPhone Developer";
				COPY_PHASE_STRIP = NO;
				GCC_C_LANGUAGE_STANDARD = gnu99;
				GCC_DYNAMIC_NO_PIC = NO;
				GCC_OPTIMIZATION_LEVEL = 0;
				GCC_PREPROCESSOR_DEFINITIONS = (
					"DEBUG=1",
					"$(inherited)",
				);
				GCC_SYMBOLS_PRIVATE_EXTERN = NO;
				GCC_WARN_ABOUT_RETURN_TYPE = YES;
				GCC_WARN_UNINITIALIZED_AUTOS = YES;
				GCC_WARN_UNUSED_VARIABLE = YES;
				IPHONEOS_DEPLOYMENT_TARGET = 6.1;
				ONLY_ACTIVE_ARCH = YES;
				SDKROOT = iphoneos;
			};
			name = Debug;
		};
		1EFDDC3717D5704900520A3C /* Release */ = {
			isa = XCBuildConfiguration;
			buildSettings = {
				ALWAYS_SEARCH_USER_PATHS = NO;
				CLANG_CXX_LANGUAGE_STANDARD = "gnu++0x";
				CLANG_CXX_LIBRARY = "libc++";
				CLANG_ENABLE_OBJC_ARC = YES;
				CLANG_WARN_CONSTANT_CONVERSION = YES;
				CLANG_WARN_EMPTY_BODY = YES;
				CLANG_WARN_ENUM_CONVERSION = YES;
				CLANG_WARN_INT_CONVERSION = YES;
				CLANG_WARN__DUPLICATE_METHOD_MATCH = YES;
				"CODE_SIGN_IDENTITY[sdk=iphoneos*]" = "iPhone Developer";
				COPY_PHASE_STRIP = YES;
				GCC_C_LANGUAGE_STANDARD = gnu99;
				GCC_WARN_ABOUT_RETURN_TYPE = YES;
				GCC_WARN_UNINITIALIZED_AUTOS = YES;
				GCC_WARN_UNUSED_VARIABLE = YES;
				IPHONEOS_DEPLOYMENT_TARGET = 6.1;
				OTHER_CFLAGS = "-DNS_BLOCK_ASSERTIONS=1";
				SDKROOT = iphoneos;
				VALIDATE_PRODUCT = YES;
			};
			name = Release;
		};
		1EFDDC3917D5704900520A3C /* Debug */ = {
			isa = XCBuildConfiguration;
			buildSettings = {
				CODE_SIGN_IDENTITY = "iPhone Developer";
				GCC_PRECOMPILE_PREFIX_HEADER = YES;
				GCC_PREFIX_HEADER = "Multiplier/Multiplier-Prefix.pch";
				INFOPLIST_FILE = "Multiplier/Multiplier-Info.plist";
				PRODUCT_NAME = "$(TARGET_NAME)";
				PROVISIONING_PROFILE = "";
				WRAPPER_EXTENSION = app;
			};
			name = Debug;
		};
		1EFDDC3A17D5704900520A3C /* Release */ = {
			isa = XCBuildConfiguration;
			buildSettings = {
				CODE_SIGN_IDENTITY = "iPhone Developer";
				GCC_PRECOMPILE_PREFIX_HEADER = YES;
				GCC_PREFIX_HEADER = "Multiplier/Multiplier-Prefix.pch";
				INFOPLIST_FILE = "Multiplier/Multiplier-Info.plist";
				PRODUCT_NAME = "$(TARGET_NAME)";
				PROVISIONING_PROFILE = "";
				WRAPPER_EXTENSION = app;
			};
			name = Release;
		};
/* End XCBuildConfiguration section */

/* Begin XCConfigurationList section */
		1EFDDC1017D5704900520A3C /* Build configuration list for PBXProject "Multiplier" */ = {
			isa = XCConfigurationList;
			buildConfigurations = (
				1EFDDC3617D5704900520A3C /* Debug */,
				1EFDDC3717D5704900520A3C /* Release */,
			);
			defaultConfigurationIsVisible = 0;
			defaultConfigurationName = Release;
		};
		1EFDDC3817D5704900520A3C /* Build configuration list for PBXNativeTarget "Multiplier" */ = {
			isa = XCConfigurationList;
			buildConfigurations = (
				1EFDDC3917D5704900520A3C /* Debug */,
				1EFDDC3A17D5704900520A3C /* Release */,
			);
			defaultConfigurationIsVisible = 0;
			defaultConfigurationName = Release;
		};
/* End XCConfigurationList section */
	};
	rootObject = 1EFDDC0D17D5704900520A3C /* Project object */;
}
